%{
  "abacus": {:hex, :abacus, "2.1.0", "b6db5c989ba3d9dd8c36d1cb269e2f0058f34768d47c67eb8ce06697ecb36dd4", [:mix], [], "hexpm", "255de08b02884e8383f1eed8aa31df884ce0fb5eb394db81ff888089f2a1bbff"},
  "altar": {:hex, :altar, "0.2.0", "f7f6d6cf9d6f0fc5ca014f2e51b7a7acb5da63e20cb424b3d43840cf16b80193", [:mix], [{:jason, "~> 1.4", [hex: :jason, repo: "hexpm", optional: false]}], "hexpm", "717c0465195d9559a9515362affca13b535412e6b0088599918a5c849dc1da82"},
  "backoff": {:hex, :backoff, "1.1.6", "83b72ed2108ba1ee8f7d1c22e0b4a00cfe3593a67dbc792799e8cce9f42f796b", [:rebar3], [], "hexpm", "cf0cfff8995fb20562f822e5cc47d8ccf664c5ecdc26a684cbe85c225f9d7c39"},
  "bandit": {:hex, :bandit, "1.12.5", "af205a8e550f304caae09a97d29fd3c79a7f337526ea7cd772d2ff11d2f7c800", [:mix], [{:hpax, "~> 1.0", [hex: :hpax, repo: "hexpm", optional: false]}, {:plug, "~> 1.18", [hex: :plug, repo: "hexpm", optional: false]}, {:telemetry, "~> 0.4 or ~> 1.0", [hex: :telemetry, repo: "hexpm", optional: false]}, {:thousand_island, "~> 1.5", [hex: :thousand_island, repo: "hexpm", optional: false]}, {:websock, "~> 0.5", [hex: :websock, repo: "hexpm", optional: false]}], "hexpm", "c5684ca062fa407cac115aec3256383f3e2ec9fdced7904d59cf5a7bb7ed6181"},
  "claude_agent_sdk": {:hex, :claude_agent_sdk, "0.21.1", "c256cbb6b07423fcd59a49f4b600af8a19a7ea9c81c0edccdcf8abe4f05ce003", [:mix], [{:cli_subprocess_core, "~> 0.9.3", [hex: :cli_subprocess_core, repo: "hexpm", optional: false]}, {:jason, "~> 1.4.5", [hex: :jason, repo: "hexpm", optional: false]}, {:zoi, "~> 0.18.11", [hex: :zoi, repo: "hexpm", optional: false]}], "hexpm", "5e00f997237579a58127b5abe3e44cbaf33f52cb9528a3143d19c8cea1394b94"},
  "cli_subprocess_core": {:hex, :cli_subprocess_core, "0.9.3", "fc24b05fb79c8aaf9492dab75f97ed1bb0202f6be9975cd31b88ba35b2e34dff", [:mix], [{:execution_plane, "~> 0.3.0", [hex: :execution_plane, repo: "hexpm", optional: false]}, {:execution_plane_jsonrpc, "~> 0.2.0", [hex: :execution_plane_jsonrpc, repo: "hexpm", optional: false]}, {:execution_plane_process, "~> 0.3.1", [hex: :execution_plane_process, repo: "hexpm", optional: false]}, {:jason, "~> 1.4.5", [hex: :jason, repo: "hexpm", optional: false]}, {:zoi, "~> 0.18.11", [hex: :zoi, repo: "hexpm", optional: false]}], "hexpm", "8ec11b00b6c2f196024708039523378e4de5d92db4c298ea0fb0748999edcd92"},
  "crontab": {:hex, :crontab, "1.2.0", "503611820257939d5d0fd272eb2b454f48a470435a809479ddc2c40bb515495c", [:mix], [{:ecto, "~> 1.0 or ~> 2.0 or ~> 3.0", [hex: :ecto, repo: "hexpm", optional: true]}], "hexpm", "ebd7ef4d831e1b20fa4700f0de0284a04cac4347e813337978e25b4cc5cc2207"},
  "db_connection": {:hex, :db_connection, "2.10.2", "ae391e803a5adff104da913c2fc1c0c14a37f8b10001dcef568796e1fb7bf95c", [:mix], [{:telemetry, "~> 0.4 or ~> 1.0", [hex: :telemetry, repo: "hexpm", optional: false]}], "hexpm", "510b14482330f1af6490a2fa0efd8d4f1435d1529b165647df22ac0f2df0fa93"},
  "decimal": {:hex, :decimal, "3.1.1", "430d87b04011ce6cbd4fd205be758311a81f87d552d40904abd00f015935b1d0", [:mix], [], "hexpm", "c5f25f2ced74a0587d03e6023f595db8e924c9d3922c8c8ffd9edfc4498cf1f6"},
  "deep_merge": {:hex, :deep_merge, "1.0.0", "b4aa1a0d1acac393bdf38b2291af38cb1d4a52806cf7a4906f718e1feb5ee961", [:mix], [], "hexpm", "ce708e5f094b9cd4e8f2be4f00d2f4250c4095be93f8cd6d018c753894885430"},
  "dns_cluster": {:hex, :dns_cluster, "0.3.0", "5064e20cbde3b9a974671d85d996227d6dcc9e570b7a80ed464a2b01fc06a513", [:mix], [], "hexpm", "088428d2d128f8b278ad057d9167fcad221885a5129d0b246c42ed1ae7efc752"},
  "ecto": {:hex, :ecto, "3.14.2", "99db28a864293a789c970651de711e3cae184291e0e7ea1166c54055ac41c1f3", [:mix], [{:decimal, "~> 3.0", [hex: :decimal, repo: "hexpm", optional: false]}, {:jason, "~> 1.0", [hex: :jason, repo: "hexpm", optional: true]}, {:telemetry, "~> 0.4 or ~> 1.0", [hex: :telemetry, repo: "hexpm", optional: false]}], "hexpm", "25d60b8c816a07d19d85b80bdf60978bd8b102209dda198d768cd7c6745339a6"},
  "ecto_sql": {:hex, :ecto_sql, "3.14.0", "06446ab8410d2f85bfbb80857ee224ab3b693700cbb38f6535d507449a627b2e", [:mix], [{:db_connection, "~> 2.9", [hex: :db_connection, repo: "hexpm", optional: false]}, {:decimal, "~> 3.0", [hex: :decimal, repo: "hexpm", optional: false]}, {:ecto, "~> 3.14.0", [hex: :ecto, repo: "hexpm", optional: false]}, {:myxql, "~> 0.8", [hex: :myxql, repo: "hexpm", optional: true]}, {:postgrex, "~> 0.19 or ~> 1.0", [hex: :postgrex, repo: "hexpm", optional: true]}, {:tds, "~> 2.1.1 or ~> 2.2", [hex: :tds, repo: "hexpm", optional: true]}, {:telemetry, "~> 0.4.0 or ~> 1.0", [hex: :telemetry, repo: "hexpm", optional: false]}], "hexpm", "f4d8d36faf294c9417b5a37ec7ac8217ee2abdef5fcf197ba690f361548d3949"},
  "erlexec": {:hex, :erlexec, "2.5.0", "a0c603f3903421db16d6a4f49862f4cb7431d1aa17b4b3d7f3f5e2fe20905121", [:rebar3], [], "hexpm", "b24ff24c5fc084248f3498ca96f739daf820f3db02d9ba1006ab127de14b7215"},
  "ex_dbug": {:hex, :ex_dbug, "2.1.0", "dad362e6c5dbc30c6dc6b812fac305920f45f4f443bdf077696df385e4be651a", [:mix], [], "hexpm", "c32c0a87f4c53a0b71320a2cc113faacfe05f94e262057b4629225fc037aabe5"},
  "execution_plane": {:hex, :execution_plane, "0.3.0", "873523d879cc4aebcb56c51db2400a48f95991bc4e9f3d9077db8f3dc93eadc1", [:mix], [{:ground_plane_contracts, "~> 0.1.0", [hex: :ground_plane_contracts, repo: "hexpm", optional: false]}, {:ground_plane_persistence_policy, "~> 0.1.0", [hex: :ground_plane_persistence_policy, repo: "hexpm", optional: false]}, {:jason, "~> 1.4.5", [hex: :jason, repo: "hexpm", optional: false]}, {:telemetry, "~> 1.4.2", [hex: :telemetry, repo: "hexpm", optional: false]}], "hexpm", "6a9c83f045b0b39724be4d29d930932cd4660861d6e866503e1de2b76791395b"},
  "execution_plane_jsonrpc": {:hex, :execution_plane_jsonrpc, "0.2.0", "d6aae28548bbe9e725634e86f5b65dd1063700777331b0376845bfd071acf7f3", [:mix], [{:execution_plane, "~> 0.3.0", [hex: :execution_plane, repo: "hexpm", optional: false]}, {:jason, "~> 1.4.5", [hex: :jason, repo: "hexpm", optional: false]}], "hexpm", "08a9efd1ca1fd30b5a70d98fdf7377e2063627cbea44a94960c8031f244b631a"},
  "execution_plane_process": {:hex, :execution_plane_process, "0.3.1", "b01edaeafadc87225609fcc4463eba6d9e4d583e64f4f01344c0f41c7c0ae5b4", [:mix], [{:erlexec, "~> 2.4", [hex: :erlexec, repo: "hexpm", optional: false]}, {:execution_plane, "~> 0.3.0", [hex: :execution_plane, repo: "hexpm", optional: false]}, {:ground_plane_contracts, "~> 0.1.1", [hex: :ground_plane_contracts, repo: "hexpm", optional: false]}, {:jason, "~> 1.4.5", [hex: :jason, repo: "hexpm", optional: false]}, {:telemetry, "~> 1.4.2", [hex: :telemetry, repo: "hexpm", optional: false]}], "hexpm", "895d06dab64648e7efcc5cefbbbd9bf6c5ed560a4a968004fefa009c889299ea"},
  "expo": {:hex, :expo, "1.1.1", "4202e1d2ca6e2b3b63e02f69cfe0a404f77702b041d02b58597c00992b601db5", [:mix], [], "hexpm", "5fb308b9cb359ae200b7e23d37c76978673aa1b06e2b3075d814ce12c5811640"},
  "finch": {:hex, :finch, "0.24.0", "4022b6194e907b6d9b597c168001cac38e488a35fe36cef9d8297e3159782510", [:mix], [{:mime, "~> 1.0 or ~> 2.0", [hex: :mime, repo: "hexpm", optional: false]}, {:mint, "~> 1.8", [hex: :mint, repo: "hexpm", optional: false]}, {:nimble_options, "~> 0.4 or ~> 1.0", [hex: :nimble_options, repo: "hexpm", optional: false]}, {:nimble_pool, "~> 1.1", [hex: :nimble_pool, repo: "hexpm", optional: false]}, {:telemetry, "~> 0.4 or ~> 1.0", [hex: :telemetry, repo: "hexpm", optional: false]}], "hexpm", "33ba40069c3587c2f99f9125b766e19dad87d6d54be3c6961db2304df04cef00"},
  "fuse": {:hex, :fuse, "2.5.0", "71afa90be21da4e64f94abba9d36472faa2d799c67fedc3bd1752a88ea4c4753", [:rebar3], [], "hexpm", "7f52a1c84571731ad3c91d569e03131cc220ebaa7e2a11034405f0bac46a4fef"},
  "gemini_ex": {:hex, :gemini_ex, "0.18.0", "4f8ba72ea89b31603241cc8668f6f4c80a4eb0af5779c71adb2e1138da56669d", [:mix], [{:altar, "~> 0.2.0", [hex: :altar, repo: "hexpm", optional: false]}, {:jason, "~> 1.4.4", [hex: :jason, repo: "hexpm", optional: false]}, {:joken, "~> 2.7", [hex: :joken, repo: "hexpm", optional: false]}, {:req, "~> 0.7.4", [hex: :req, repo: "hexpm", optional: false]}, {:telemetry, "~> 1.4.2", [hex: :telemetry, repo: "hexpm", optional: false]}, {:typed_struct, "~> 0.3.0", [hex: :typed_struct, repo: "hexpm", optional: false]}, {:websockex, "~> 0.5.1", [hex: :websockex, repo: "hexpm", optional: false]}], "hexpm", "b33a2b6166a0022fd1a4eceab2895d1c4d8a30be1ac03b9234581c6e1263ab1e"},
  "gen_stage": {:hex, :gen_stage, "1.3.2", "7c77e5d1e97de2c6c2f78f306f463bca64bf2f4c3cdd606affc0100b89743b7b", [:mix], [], "hexpm", "0ffae547fa777b3ed889a6b9e1e64566217413d018cabd825f786e843ffe63e7"},
  "gettext": {:hex, :gettext, "1.0.2", "5457e1fd3f4abe47b0e13ff85086aabae760497a3497909b8473e0acee57673b", [:mix], [{:expo, "~> 0.5.1 or ~> 1.0", [hex: :expo, repo: "hexpm", optional: false]}], "hexpm", "eab805501886802071ad290714515c8c4a17196ea76e5afc9d06ca85fb1bfeb3"},
  "ground_plane_contracts": {:hex, :ground_plane_contracts, "0.1.1", "881db2fc7ee0355319a032392f90baee624f81c7ffd1709c70626754f10bab49", [:mix], [{:jason, "~> 1.4", [hex: :jason, repo: "hexpm", optional: false]}], "hexpm", "49bc81e21041fffb3cb84425bbd17a3c4a36fd9b1865c247146047fdea900596"},
  "ground_plane_persistence_policy": {:hex, :ground_plane_persistence_policy, "0.1.0", "e7af34b312cb5a49efc54fae551816737bae79cb5a06ca8c7439bce76478a71b", [:mix], [], "hexpm", "79130d7284769ff9e7a439523aa1fbc6a0882b3056556e49fed55e82435654cd"},
  "hpax": {:hex, :hpax, "1.1.0", "782931867cc23217c68fb5f68fe1a11f5e7544c7fda82c8a7019a5df5a4a1cdf", [:mix], [], "hexpm", "0b8d0f05832f55571d65ac720f79bf8994138ffbb133209dc4685eae0ad456a8"},
  "jason": {:hex, :jason, "1.4.5", "2e3a008590b0b8d7388c20293e9dcc9cf3e5d642fd2a114e4cbbb52e595d940a", [:mix], [{:decimal, "~> 1.0 or ~> 2.0 or ~> 3.0", [hex: :decimal, repo: "hexpm", optional: true]}], "hexpm", "b0c823996102bcd0239b3c2444eb00409b72f6a140c1950bc8b457d836b30684"},
  "jido": {:hex, :jido, "2.3.3", "ee4b61e0c08e073c1bda15fd937851a17a5f846fba767759f4772ad31a42d5df", [:mix], [{:crontab, "~> 1.2", [hex: :crontab, repo: "hexpm", optional: false]}, {:igniter, "~> 0.7", [hex: :igniter, repo: "hexpm", optional: true]}, {:jido_action, "~> 2.3", [hex: :jido_action, repo: "hexpm", optional: false]}, {:jido_signal, "~> 2.2", [hex: :jido_signal, repo: "hexpm", optional: false]}, {:nimble_options, "~> 1.1", [hex: :nimble_options, repo: "hexpm", optional: false]}, {:poolboy, "~> 1.5", [hex: :poolboy, repo: "hexpm", optional: false]}, {:splode, "~> 0.3.0", [hex: :splode, repo: "hexpm", optional: false]}, {:telemetry, "~> 1.3", [hex: :telemetry, repo: "hexpm", optional: false]}, {:telemetry_metrics, "~> 1.1", [hex: :telemetry_metrics, repo: "hexpm", optional: false]}, {:time_zone_info, "~> 0.7", [hex: :time_zone_info, repo: "hexpm", optional: false]}], "hexpm", "efed04440117d30c2d5bf75cc4feb9f41144862a6fb54c729c0add04590caaba"},
  "jido_action": {:hex, :jido_action, "2.3.2", "e52bc949db4dedff523850172555629b29ffaa11fec162e728d5b7e43e7235d5", [:mix], [{:igniter, "~> 0.7", [hex: :igniter, repo: "hexpm", optional: true]}, {:jason, "~> 1.4", [hex: :jason, repo: "hexpm", optional: false]}, {:lua, "~> 0.4 or ~> 1.0.0-rc", [hex: :lua, repo: "hexpm", optional: true]}, {:multigraph, "~> 0.16.1-mg.3", [hex: :multigraph, repo: "hexpm", optional: false]}, {:nimble_options, "~> 1.1", [hex: :nimble_options, repo: "hexpm", optional: false]}, {:req, "~> 0.7.2", [hex: :req, repo: "hexpm", optional: true]}, {:splode, "~> 0.3.0", [hex: :splode, repo: "hexpm", optional: false]}, {:telemetry, "~> 1.3", [hex: :telemetry, repo: "hexpm", optional: false]}, {:zoi, "~> 0.17", [hex: :zoi, repo: "hexpm", optional: false]}], "hexpm", "e6e222e5c8da489de36d637930628d56fb898b072a17cd467d27bf4f5ecb63e4"},
  "jido_signal": {:hex, :jido_signal, "2.3.0", "49535387550867ef1c01e2b3b02565765f4a5ac95b1752d7c6537d6418f27f46", [:mix], [{:fuse, "~> 2.5", [hex: :fuse, repo: "hexpm", optional: false]}, {:igniter, "~> 0.7", [hex: :igniter, repo: "hexpm", optional: true]}, {:jason, "~> 1.4", [hex: :jason, repo: "hexpm", optional: false]}, {:msgpax, "~> 2.3", [hex: :msgpax, repo: "hexpm", optional: true]}, {:nimble_options, "~> 1.1", [hex: :nimble_options, repo: "hexpm", optional: false]}, {:phoenix_pubsub, "~> 2.1", [hex: :phoenix_pubsub, repo: "hexpm", optional: true]}, {:splode, "~> 0.3.0", [hex: :splode, repo: "hexpm", optional: false]}, {:telemetry, "~> 1.3", [hex: :telemetry, repo: "hexpm", optional: false]}, {:zoi, "~> 0.18.1", [hex: :zoi, repo: "hexpm", optional: false]}], "hexpm", "4183a8fe8a7f3249ba45740a527925078428da8d62e1ef64c84fff3a589c17c9"},
  "joken": {:hex, :joken, "2.7.0", "a9fd87805b1b58313435c04b950857d7557f019b157d503dc4783006e4e80ed1", [:mix], [{:jose, "~> 1.11.12", [hex: :jose, repo: "hexpm", optional: false]}], "hexpm", "ffd0d92e12dbf497311386b75f9b5027d370e32c74f6e5576804d3a9eed668ab"},
  "jose": {:hex, :jose, "1.11.12", "06e62b467b61d3726cbc19e9b5489f7549c37993de846dfb3ee8259f9ed208b3", [:mix, :rebar3], [], "hexpm", "31e92b653e9210b696765cdd885437457de1add2a9011d92f8cf63e4641bab7b"},
  "lineage_ir": {:hex, :lineage_ir, "0.1.0", "bca25f9d071111f2f3aadc45ec8e494d7bef422a97e60df08d9ea9b3e23c7505", [:mix], [{:ecto, "~> 3.11", [hex: :ecto, repo: "hexpm", optional: false]}, {:jason, "~> 1.4", [hex: :jason, repo: "hexpm", optional: false]}], "hexpm", "9663ec3f43d8522afda0192dcbef60ae43f74c0694cb2bd05ad60a4880cbf584"},
  "mime": {:hex, :mime, "2.0.7", "b8d739037be7cd402aee1ba0306edfdef982687ee7e9859bee6198c1e7e2f128", [:mix], [], "hexpm", "6171188e399ee16023ffc5b76ce445eb6d9672e2e241d2df6050f3c771e80ccd"},
  "mint": {:hex, :mint, "1.11.0", "a713551624815c0435237b93d90ea8b9b14254690c66f732d0ef8930f76ff1d9", [:mix], [{:castore, "~> 0.1.0 or ~> 1.0", [hex: :castore, repo: "hexpm", optional: true]}, {:hpax, "~> 1.1", [hex: :hpax, repo: "hexpm", optional: false]}], "hexpm", "c6279ba2d6aa3a383a1d4cfbe7b59f42e6efd400f58d8e2acfeac48a438693ab"},
  "mox": {:hex, :mox, "1.3.2", "f34ca4331b1cce3125609c6de674739fe5f3df0d68df25510d64b6a94b2246de", [:mix], [{:nimble_ownership, "~> 1.0", [hex: :nimble_ownership, repo: "hexpm", optional: false]}], "hexpm", "97918a185e727f3128a826f01827b5b8168e1b815bda19eb4192c3ffdb6a8054"},
  "msgpax": {:hex, :msgpax, "2.4.0", "4647575c87cb0c43b93266438242c21f71f196cafa268f45f91498541148c15d", [:mix], [{:plug, "~> 1.0", [hex: :plug, repo: "hexpm", optional: true]}], "hexpm", "ca933891b0e7075701a17507c61642bf6e0407bb244040d5d0a58597a06369d2"},
  "multigraph": {:hex, :multigraph, "0.16.1-mg.5", "5118665ea3e2eede7244104ccc716b7c517bba44e33c26fb84d7297d77872646", [:mix], [], "hexpm", "d7e3511f1d29e96ed7e7cd01b92bb52eea487b6c61da838f1e61a2ec6838799d"},
  "nimble_options": {:hex, :nimble_options, "1.1.1", "e3a492d54d85fc3fd7c5baf411d9d2852922f66e69476317787a7b2bb000a61b", [:mix], [], "hexpm", "821b2470ca9442c4b6984882fe9bb0389371b8ddec4d45a9504f00a66f650b44"},
  "nimble_ownership": {:hex, :nimble_ownership, "1.0.2", "fa8a6f2d8c592ad4d79b2ca617473c6aefd5869abfa02563a77682038bf916cf", [:mix], [], "hexpm", "098af64e1f6f8609c6672127cfe9e9590a5d3fcdd82bc17a377b8692fd81a879"},
  "nimble_parsec": {:hex, :nimble_parsec, "1.4.2", "8efba0122db06df95bfaa78f791344a89352ba04baedd3849593bfce4d0dc1c6", [:mix], [], "hexpm", "4b21398942dda052b403bbe1da991ccd03a053668d147d53fb8c4e0efe09c973"},
  "nimble_pool": {:hex, :nimble_pool, "1.1.0", "bf9c29fbdcba3564a8b800d1eeb5a3c58f36e1e11d7b7fb2e084a643f645f06b", [:mix], [], "hexpm", "af2e4e6b34197db81f7aad230c1118eac993acc0dae6bc83bac0126d4ae0813a"},
  "nsai_work": {:hex, :nsai_work, "0.1.0", "2387fa1b79b305dbe139a4574ea2f90979ef594b8a75abdf68403e211b5e0373", [:mix], [{:altar, "~> 0.2.0", [hex: :altar, repo: "hexpm", optional: false]}, {:jason, "~> 1.4", [hex: :jason, repo: "hexpm", optional: false]}, {:telemetry, "~> 1.0", [hex: :telemetry, repo: "hexpm", optional: false]}], "hexpm", "e02363373fc2e769ed76efeeafd063bc88bd20fb5126e240555dcbf54f66488b"},
  "ok": {:hex, :ok, "2.3.0", "0a3d513ec9038504dc5359d44e14fc14ef59179e625563a1a144199cdc3a6d30", [:mix], [], "hexpm", "f0347b3f8f115bf347c704184b33cf084f2943771273f2b98a3707a5fa43c4d5"},
  "phoenix_pubsub": {:hex, :phoenix_pubsub, "2.2.0", "ff3a5616e1bed6804de7773b92cbccfc0b0f473faf1f63d7daf1206c7aeaaa6f", [:mix], [], "hexpm", "adc313a5bf7136039f63cfd9668fde73bba0765e0614cba80c06ac9460ff3e96"},
  "plug": {:hex, :plug, "1.20.3", "56c480c633ec2ce10140e236e15233bf576e1d323887d7c96711bd02ab5160db", [:mix], [{:mime, "~> 1.0 or ~> 2.0", [hex: :mime, repo: "hexpm", optional: false]}, {:plug_crypto, "~> 1.1.1 or ~> 1.2 or ~> 2.0", [hex: :plug_crypto, repo: "hexpm", optional: false]}, {:telemetry, "~> 0.4.3 or ~> 1.0", [hex: :telemetry, repo: "hexpm", optional: false]}], "hexpm", "be266aee1b8536ef6409d58cf39a3121319f0ec47cfa1b24024485aa0e76ad76"},
  "plug_crypto": {:hex, :plug_crypto, "2.2.0", "144014737daaf485407f5ed77daeaad74d651b216a28c87543f8cc7043f8efc8", [:mix], [], "hexpm", "83a95744ab1c75876542b6fab135fcc176280e0f301a111c1f757fddcec95d2c"},
  "poolboy": {:hex, :poolboy, "1.5.2", "392b007a1693a64540cead79830443abf5762f5d30cf50bc95cb2c1aaafa006b", [:rebar3], [], "hexpm", "dad79704ce5440f3d5a3681c8590b9dc25d1a561e8f5a9c995281012860901e3"},
  "postgrex": {:hex, :postgrex, "0.22.4", "d271f595dfd25230b6398354e19d17bb5e2d20130fd2d9bdca7e15f125d43552", [:mix], [{:db_connection, "~> 2.9", [hex: :db_connection, repo: "hexpm", optional: false]}, {:decimal, "~> 1.5 or ~> 2.0 or ~> 3.0", [hex: :decimal, repo: "hexpm", optional: false]}, {:jason, "~> 1.0", [hex: :jason, repo: "hexpm", optional: true]}, {:table, "~> 0.1.0", [hex: :table, repo: "hexpm", optional: true]}], "hexpm", "4aae45a2d60e35b04eea2602440be152fae332901f1fc7a60fc7cb7f0f9a9c5a"},
  "private": {:hex, :private, "0.1.2", "da4add9f36c3818a9f849840ca43016c8ae7f76d7a46c3b2510f42dcc5632932", [:mix], [], "hexpm", "22ee01c3f450cf8d135da61e10ec59dde006238fab1ea039014791fc8f3ff075"},
  "proper_case": {:hex, :proper_case, "1.3.1", "5f51cabd2d422a45f374c6061b7379191d585b5154456b371432d0fa7cb1ffda", [:mix], [], "hexpm", "6cc715550cc1895e61608060bbe67aef0d7c9cf55d7ddb013c6d7073036811dd"},
  "quantum": {:hex, :quantum, "3.5.3", "ee38838a07761663468145f489ad93e16a79440bebd7c0f90dc1ec9850776d99", [:mix], [{:crontab, "~> 1.1", [hex: :crontab, repo: "hexpm", optional: false]}, {:gen_stage, "~> 0.14 or ~> 1.0", [hex: :gen_stage, repo: "hexpm", optional: false]}, {:telemetry, "~> 0.4.3 or ~> 1.0", [hex: :telemetry, repo: "hexpm", optional: false]}, {:telemetry_registry, "~> 0.2", [hex: :telemetry_registry, repo: "hexpm", optional: false]}], "hexpm", "500fd3fa77dcd723ed9f766d4a175b684919ff7b6b8cfd9d7d0564d58eba8734"},
  "req": {:hex, :req, "0.7.4", "23e9ffec17de032a46a4b15ed65c09793893bf4a7c680f4bbf6227fce6bdf74d", [:mix], [{:brotli, "~> 0.3.1", [hex: :brotli, repo: "hexpm", optional: true]}, {:finch, "~> 0.21", [hex: :finch, repo: "hexpm", optional: false]}, {:jason, "~> 1.0", [hex: :jason, repo: "hexpm", optional: false]}, {:mime, "~> 2.0.6 or ~> 2.1", [hex: :mime, repo: "hexpm", optional: false]}, {:nimble_csv, "~> 1.0", [hex: :nimble_csv, repo: "hexpm", optional: true]}, {:plug, "~> 1.0", [hex: :plug, repo: "hexpm", optional: true]}], "hexpm", "4b192d63253e8dcc6221ef992ea9ebef7d3555166e8423aa5b553e86bc3c69a2"},
  "splode": {:hex, :splode, "0.3.2", "7716b6b2260a98a6f018c65cc0393da2cdf17314202eb351a0956e8762190dff", [:mix], [], "hexpm", "08fd658f80da7f1cd254b149164dcff8acd44b22f032001d5416b97223d32bc9"},
  "telemetry": {:hex, :telemetry, "1.4.2", "a0cb522801dffb1c49fe6e30561badffc7b6d0e180db1300df759faa22062855", [:rebar3], [], "hexpm", "928f6495066506077862c0d1646609eed891a4326bee3126ba54b60af61febb1"},
  "telemetry_metrics": {:hex, :telemetry_metrics, "1.2.0", "7632c19c01d88d8aaca5da1a0e8912f5af39b79e7c08a2c253aeb3c14c2c957e", [:mix], [{:telemetry, "~> 0.4 or ~> 1.0", [hex: :telemetry, repo: "hexpm", optional: false]}], "hexpm", "71dde12fc29b58b9c77ec17ec319109e5ca848d010fc1965ed4463bba1837c07"},
  "telemetry_registry": {:hex, :telemetry_registry, "0.3.2", "701576890320be6428189bff963e865e8f23e0ff3615eade8f78662be0fc003c", [:mix, :rebar3], [{:telemetry, "~> 1.0", [hex: :telemetry, repo: "hexpm", optional: false]}], "hexpm", "e7ed191eb1d115a3034af8e1e35e4e63d5348851d556646d46ca3d1b4e16bab9"},
  "thousand_island": {:hex, :thousand_island, "1.5.0", "f50a213cac97262b6d5ebb85745aa2c00fec1413191e6e66834788d45425cecb", [:mix], [{:telemetry, "~> 0.4 or ~> 1.0", [hex: :telemetry, repo: "hexpm", optional: false]}], "hexpm", "708923d40523e43cf99041ab37a0d4b0ec426ac6438fa3716ab23d919eaeb412"},
  "time_zone_info": {:hex, :time_zone_info, "0.8.0", "8c5d658f9408e20518b79f755da73db1c64209a5dac5b802f0f497bdc53a1702", [:mix], [{:castore, "~> 1.0", [hex: :castore, repo: "hexpm", optional: true]}, {:mint, "~> 1.0", [hex: :mint, repo: "hexpm", optional: true]}, {:nimble_parsec, "~> 1.3", [hex: :nimble_parsec, repo: "hexpm", optional: false]}], "hexpm", "742af71b5c9b55eb9baed7e5a6fbf4f0b5976f32a20c88aeff0dd1764238fdc8"},
  "typed_struct": {:hex, :typed_struct, "0.3.0", "939789e3c1dca39d7170c87f729127469d1315dcf99fee8e152bb774b17e7ff7", [:mix], [], "hexpm", "c50bd5c3a61fe4e198a8504f939be3d3c85903b382bde4865579bc23111d1b6d"},
  "typed_struct_nimble_options": {:hex, :typed_struct_nimble_options, "0.1.1", "43f621e756341aea1efa8ad6c2f0820dbc38b6cb810cebeb8daa850e3f2b9b1f", [:mix], [{:nimble_options, "~> 1.1.1", [hex: :nimble_options, repo: "hexpm", optional: false]}, {:typed_struct, "~> 0.3.0", [hex: :typed_struct, repo: "hexpm", optional: false]}], "hexpm", "8dccf13d6fe9fbdde3e3a3e3d3fbba678daabeb3b4a6e794fa2ab83e06d0ac3e"},
  "uniq": {:hex, :uniq, "0.6.2", "51846518c037134c08bc5b773468007b155e543d53c8b39bafe95b0af487e406", [:mix], [{:ecto, "~> 3.0", [hex: :ecto, repo: "hexpm", optional: true]}], "hexpm", "95aa2a41ea331ef0a52d8ed12d3e730ef9af9dbc30f40646e6af334fbd7bc0fc"},
  "websock": {:hex, :websock, "0.5.3", "2f69a6ebe810328555b6fe5c831a851f485e303a7c8ce6c5f675abeb20ebdadc", [:mix], [], "hexpm", "6105453d7fac22c712ad66fab1d45abdf049868f253cf719b625151460b8b453"},
  "websockex": {:hex, :websockex, "0.5.1", "9de28d37bbe34f371eb46e29b79c94c94fff79f93c960d842fbf447253558eb4", [:mix], [{:telemetry, "~> 1.0", [hex: :telemetry, repo: "hexpm", optional: false]}], "hexpm", "8ef39576ed56bc3804c9cd8626f8b5d6b5721848d2726c0ccd4f05385a3c9f14"},
  "zoi": {:hex, :zoi, "0.18.11", "d278490068df1b453b1d23cfda3bd66dfe609013fb38ed624387c8bae13b485e", [:mix], [{:decimal, "~> 2.0 or ~> 3.0", [hex: :decimal, repo: "hexpm", optional: true]}, {:phoenix_html, "~> 2.14.2 or ~> 3.0 or ~> 4.1", [hex: :phoenix_html, repo: "hexpm", optional: true]}], "hexpm", "02786ed534335541b0f21aa3787875019dc91bb5f01e32aba72ce2b987c40640"},
}
